
Microsoft Visual Studio Solution File, Format Version 12.00
# Visual Studio Version 16
VisualStudioVersion = 25.0.1704.2
MinimumVisualStudioVersion = 10.0.40219.1
Project("{FAE04EC0-301F-11D3-BF4B-00C04F79EFBC}") = "PracticingOperators", "PracticingOperators\PracticingOperators.csproj", "{422273FF-D854-4EFD-9854-8FC040F5EB5B}"
EndProject
Global
	GlobalSection(SolutionConfigurationPlatforms) = preSolution
		Debug|Any CPU = Debug|Any CPU
		Release|Any CPU = Release|Any CPU
	EndGlobalSection
	GlobalSection(ProjectConfigurationPlatforms) = postSolution
		{422273FF-D854-4EFD-9854-8FC040F5EB5B}.Debug|Any CPU.ActiveCfg = Debug|Any CPU
		{422273FF-D854-4EFD-9854-8FC040F5EB5B}.Debug|Any CPU.Build.0 = Debug|Any CPU
		{422273FF-D854-4EFD-9854-8FC040F5EB5B}.Release|Any CPU.ActiveCfg = Release|Any CPU
		{422273FF-D854-4EFD-9854-8FC040F5EB5B}.Release|Any CPU.Build.0 = Release|Any CPU
	EndGlobalSection
	GlobalSection(SolutionProperties) = preSolution
		HideSolutionNode = FALSE
	EndGlobalSection
	GlobalSection(ExtensibilityGlobals) = postSolution
		SolutionGuid = {DBDB29F3-9A9C-415B-A5ED-30A9E16844E6}
	EndGlobalSection
EndGlobal
